
Microsoft Visual Studio Solution File, Format Version 12.00
# Visual Studio Version 16
VisualStudioVersion = 16.0.29613.14
MinimumVisualStudioVersion = 10.0.40219.1
Project("{FAE04EC0-301F-11D3-BF4B-00C04F79EFBC}") = "WPF_Rassokhin_PR2", "WPF_Rassokhin_PR2.csproj", "{D069AC69-FB7A-4A3A-B7B5-61179AFFF400}"
EndProject
Global
	GlobalSection(SolutionConfigurationPlatforms) = preSolution
		Debug|Any CPU = Debug|Any CPU
		Release|Any CPU = Release|Any CPU
	EndGlobalSection
	GlobalSection(ProjectConfigurationPlatforms) = postSolution
		{D069AC69-FB7A-4A3A-B7B5-61179AFFF400}.Debug|Any CPU.ActiveCfg = Debug|Any CPU
		{D069AC69-FB7A-4A3A-B7B5-61179AFFF400}.Debug|Any CPU.Build.0 = Debug|Any CPU
		{D069AC69-FB7A-4A3A-B7B5-61179AFFF400}.Release|Any CPU.ActiveCfg = Release|Any CPU
		{D069AC69-FB7A-4A3A-B7B5-61179AFFF400}.Release|Any CPU.Build.0 = Release|Any CPU
	EndGlobalSection
	GlobalSection(SolutionProperties) = preSolution
		HideSolutionNode = FALSE
	EndGlobalSection
	GlobalSection(ExtensibilityGlobals) = postSolution
		SolutionGuid = {6550847B-0CCD-4091-8C50-5A61A40ABA03}
	EndGlobalSection
EndGlobal
